github.com/gammazero/deque v0.2.1 h1:qSdsbG6pgp6nL7A0+K/B7s12mcCY/5l5SIUpMOl+dC0=
github.com/gammazero/deque v0.2.1/go.mod h1:LFroj8x4cMYCukHJDbxFCkT+r9AndaJnFMuZDV34tuU=
github.com/google/go-cmp v0.5.9 h1:O2Tfq5qg4qc4AmwVlvv0oLiVAGB7enBSJ2x2DqQFi38=
github.com/hashicorp/go-set v0.1.13 h1:k1B5goY3c7OKEzpK+gwAhJexxzAJwDN8kId8YvWrihA=
github.com/hashicorp/go-set v0.1.13/go.mod h1:0/D+R4MFUzJ6XmvjU7liXtznF1eQDxh84GJlhXw+lvo=
github.com/nikolaydubina/fpdecimal v0.16.0 h1:Yyrb48gl11+B5x4MwkMbw9PxH8nRl9ee3hk3SUi5CAQ=
github.com/nikolaydubina/fpdecimal v0.16.0/go.mod h1:DnymrWgQuyolIeAIwYvtXgA+NBSwzZ7iC08GshRaeB4=
github.com/shoenig/test v0.6.4 h1:kVTaSd7WLz5WZ2IaoM0RSzRsUD+m8wRR+5qvntpn4LU=
